
Microsoft Visual Studio Solution File, Format Version 11.00
# Visual Studio 2010
Project("{FAE04EC0-301F-11D3-BF4B-00C04F79EFBC}") = "Ludo Template", "Assembly-CSharp.csproj", "{9301A40E-151D-D94C-60CF-59E90E5C8D52}"
EndProject
Project("{FAE04EC0-301F-11D3-BF4B-00C04F79EFBC}") = "Ludo Template", "Assembly-CSharp-firstpass.csproj", "{6FE5A939-9505-E274-1E88-953DC8BF4611}"
EndProject
Project("{FAE04EC0-301F-11D3-BF4B-00C04F79EFBC}") = "Ludo Template", "Assembly-CSharp-Editor.csproj", "{8C6F2A66-08A1-AAF6-F17D-377C3C9FD82F}"
EndProject
Global
	GlobalSection(SolutionConfigurationPlatforms) = preSolution
		Debug|Any CPU = Debug|Any CPU
		Release|Any CPU = Release|Any CPU
	EndGlobalSection
	GlobalSection(ProjectConfigurationPlatforms) = postSolution
		{9301A40E-151D-D94C-60CF-59E90E5C8D52}.Debug|Any CPU.ActiveCfg = Debug|Any CPU
		{9301A40E-151D-D94C-60CF-59E90E5C8D52}.Debug|Any CPU.Build.0 = Debug|Any CPU
		{9301A40E-151D-D94C-60CF-59E90E5C8D52}.Release|Any CPU.ActiveCfg = Release|Any CPU
		{9301A40E-151D-D94C-60CF-59E90E5C8D52}.Release|Any CPU.Build.0 = Release|Any CPU
		{6FE5A939-9505-E274-1E88-953DC8BF4611}.Debug|Any CPU.ActiveCfg = Debug|Any CPU
		{6FE5A939-9505-E274-1E88-953DC8BF4611}.Debug|Any CPU.Build.0 = Debug|Any CPU
		{6FE5A939-9505-E274-1E88-953DC8BF4611}.Release|Any CPU.ActiveCfg = Release|Any CPU
		{6FE5A939-9505-E274-1E88-953DC8BF4611}.Release|Any CPU.Build.0 = Release|Any CPU
		{8C6F2A66-08A1-AAF6-F17D-377C3C9FD82F}.Debug|Any CPU.ActiveCfg = Debug|Any CPU
		{8C6F2A66-08A1-AAF6-F17D-377C3C9FD82F}.Debug|Any CPU.Build.0 = Debug|Any CPU
		{8C6F2A66-08A1-AAF6-F17D-377C3C9FD82F}.Release|Any CPU.ActiveCfg = Release|Any CPU
		{8C6F2A66-08A1-AAF6-F17D-377C3C9FD82F}.Release|Any CPU.Build.0 = Release|Any CPU
	EndGlobalSection
	GlobalSection(SolutionProperties) = preSolution
		HideSolutionNode = FALSE
	EndGlobalSection
	GlobalSection(MonoDevelopProperties) = preSolution
		StartupItem = Assembly-CSharp.csproj
	EndGlobalSection
EndGlobal
